<?xml version="1.0" encoding="utf-8"?>
<Project ToolsVersion="4.0" xmlns="http://schemas.microsoft.com/developer/msbuild/2003">
  <ItemGroup>
    <Filter Include="Source Files">
      <UniqueIdentifier>{4FC737F1-C7A5-4376-A066-2A32D752A2FF}</UniqueIdentifier>
      <Extensions>cpp;c;cc;cxx;c++;cppm;ixx;def;odl;idl;hpj;bat;asm;asmx</Extensions>
    </Filter>
    <Filter Include="Header Files">
      <UniqueIdentifier>{93995380-89BD-4b04-88EB-625FBE52EBFB}</UniqueIdentifier>
      <Extensions>h;hh;hpp;hxx;h++;hm;inl;inc;ipp;xsd</Extensions>
    </Filter>
    <Filter Include="Resource Files">
      <UniqueIdentifier>{67DA6AB6-F800-4c08-8B7A-83BB121AAD01}</UniqueIdentifier>
      <Extensions>rc;ico;cur;bmp;dlg;rc2;rct;bin;rgs;gif;jpg;jpeg;jpe;resx;tiff;tif;png;wav;mfcribbon-ms</Extensions>
    </Filter>
    <Filter Include="Header Files\BLOK1">
      <UniqueIdentifier>{4264a94e-ce17-43cd-8e9b-8aa7eef90dcb}</UniqueIdentifier>
    </Filter>
    <Filter Include="Header Files\BLOK2">
      <UniqueIdentifier>{13e07b73-6d42-4247-af8e-3c0e04ec884f}</UniqueIdentifier>
    </Filter>
    <Filter Include="Header Files\BLOK3">
      <UniqueIdentifier>{c2cf11bc-1ba4-4480-9f47-c90363fe59cb}</UniqueIdentifier>
    </Filter>
    <Filter Include="Header Files\BLOK4">
      <UniqueIdentifier>{591f6e92-e604-454f-8a93-7fc6e9ff1708}</UniqueIdentifier>
    </Filter>
  </ItemGroup>
  <ItemGroup>
    <ClCompile Include="Source.cpp">
      <Filter>Source Files</Filter>
    </ClCompile>
  </ItemGroup>
  <ItemGroup>
    <ClInclude Include="Boarder.h">
      <Filter>Header Files\BLOK1</Filter>
    </ClInclude>
    <ClInclude Include="LifeCycleModels.h">
      <Filter>Header Files\BLOK1</Filter>
    </ClInclude>
    <ClInclude Include="OOP1.h">
      <Filter>Header Files\BLOK1</Filter>
    </ClInclude>
    <ClInclude Include="OOP2.h">
      <Filter>Header Files\BLOK1</Filter>
    </ClInclude>
    <ClInclude Include="RUP.h">
      <Filter>Header Files\BLOK1</Filter>
    </ClInclude>
    <ClInclude Include="Tamplates.h">
      <Filter>Header Files\BLOK1</Filter>
    </ClInclude>
    <ClInclude Include="Tester.h">
      <Filter>Header Files\BLOK1</Filter>
    </ClInclude>
    <ClInclude Include="ATD.h">
      <Filter>Header Files\BLOK2</Filter>
    </ClInclude>
    <ClInclude Include="Trees.h">
      <Filter>Header Files\BLOK2</Filter>
    </ClInclude>
    <ClInclude Include="Algo.h">
      <Filter>Header Files\BLOK2</Filter>
    </ClInclude>
    <ClInclude Include="SORTS.h">
      <Filter>Header Files\BLOK2</Filter>
    </ClInclude>
    <ClInclude Include="Find12.h">
      <Filter>Header Files\BLOK2</Filter>
    </ClInclude>
    <ClInclude Include="Gtapg13.h">
      <Filter>Header Files\BLOK2</Filter>
    </ClInclude>
    <ClInclude Include="RG14.h">
      <Filter>Header Files\BLOK2</Filter>
    </ClInclude>
    <ClInclude Include="R15.h">
      <Filter>Header Files\BLOK2</Filter>
    </ClInclude>
    <ClInclude Include="R16.h">
      <Filter>Header Files\BLOK2</Filter>
    </ClInclude>
    <ClInclude Include="R17.h">
      <Filter>Header Files\BLOK2</Filter>
    </ClInclude>
    <ClInclude Include="R18.h">
      <Filter>Header Files\BLOK3</Filter>
    </ClInclude>
    <ClInclude Include="R19.h">
      <Filter>Header Files\BLOK3</Filter>
    </ClInclude>
    <ClInclude Include="R20.h">
      <Filter>Header Files\BLOK3</Filter>
    </ClInclude>
    <ClInclude Include="R21.h">
      <Filter>Header Files\BLOK3</Filter>
    </ClInclude>
    <ClInclude Include="R22.h">
      <Filter>Header Files\BLOK3</Filter>
    </ClInclude>
    <ClInclude Include="R23.h">
      <Filter>Header Files\BLOK3</Filter>
    </ClInclude>
    <ClInclude Include="R26.h">
      <Filter>Header Files\BLOK3</Filter>
    </ClInclude>
    <ClInclude Include="R27.h">
      <Filter>Header Files\BLOK4</Filter>
    </ClInclude>
    <ClInclude Include="R28.h">
      <Filter>Header Files\BLOK4</Filter>
    </ClInclude>
    <ClInclude Include="R29.h">
      <Filter>Header Files\BLOK4</Filter>
    </ClInclude>
    <ClInclude Include="R30.h">
      <Filter>Header Files\BLOK4</Filter>
    </ClInclude>
    <ClInclude Include="R31.h">
      <Filter>Header Files\BLOK4</Filter>
    </ClInclude>
    <ClInclude Include="R32.h">
      <Filter>Header Files\BLOK4</Filter>
    </ClInclude>
    <ClInclude Include="R33.h">
      <Filter>Header Files\BLOK4</Filter>
    </ClInclude>
    <ClInclude Include="R34.h">
      <Filter>Header Files\BLOK4</Filter>
    </ClInclude>
    <ClInclude Include="R35.h">
      <Filter>Header Files\BLOK4</Filter>
    </ClInclude>
  </ItemGroup>
  <ItemGroup>
    <None Include="R24.sql">
      <Filter>Header Files\BLOK3</Filter>
    </None>
    <None Include="R25.sql">
      <Filter>Header Files\BLOK3</Filter>
    </None>
    <None Include="R26sql.sql">
      <Filter>Header Files\BLOK3</Filter>
    </None>
  </ItemGroup>
</Project>